{
  "name": "@writetome51/array-get-all-before-after-index",
  "version": "1.0.3",
  "lockfileVersion": 1,
  "requires": true,
  "dependencies": {
    "@writetome51/array-get-adjacent-at": {
      "version": "1.0.4",
      "resolved": "https://registry.npmjs.org/@writetome51/array-get-adjacent-at/-/array-get-adjacent-at-1.0.4.tgz",
      "integrity": "sha512-VM6NPJ12Xkxlvc1m0pRIbDP9IjLCmZSUNdIE9WddLCL2o9XF/usgeBJ77znxzrGPg6QO2gL8VYpuJymRDDsN9Q==",
      "requires": {
        "error-if-array-too-short-to-meet-adjacent-items-request": "~1.0.1",
        "error-if-index-how-many-or-array-are-not-valid": "~1.0.0"
      }
    },
    "@writetome51/array-get-head-tail": {
      "version": "1.0.5",
      "resolved": "https://registry.npmjs.org/@writetome51/array-get-head-tail/-/array-get-head-tail-1.0.5.tgz",
      "integrity": "sha512-canuxZ6ER0XkhXuHKC3KVLSNGrILlhlzQ3haPJZ7cOfLS6X40848849Wxf1oid7t3NTj+9S5Y+n6C78cXNLv6g==",
      "requires": {
        "@writetome51/array-get-adjacent-at": "~1.0.3"
      }
    },
    "@writetome51/index-is-valid": {
      "version": "1.0.0",
      "resolved": "https://registry.npmjs.org/@writetome51/index-is-valid/-/index-is-valid-1.0.0.tgz",
      "integrity": "sha512-KNVGj8+XS/cWYlo9iG+miloPbR4NEESZ8G7NYsMBXt5cVoF7sSgyJBN4Z5XO9ypesSA4YdbfQYRp5H/2/yWBKw==",
      "requires": {
        "basic-data-handling": "~1.0.15"
      }
    },
    "basic-data-handling": {
      "version": "1.0.15",
      "resolved": "https://registry.npmjs.org/basic-data-handling/-/basic-data-handling-1.0.15.tgz",
      "integrity": "sha512-HyXRwPTfhKacukW4mMJl+3IsFC+5NzMr9flzp+XBJhHol0eAZzLxYqP7w3Cme3cziKcshzoO7Zf/9C+bewJWpA=="
    },
    "error-if-array-too-short-to-meet-adjacent-items-request": {
      "version": "1.0.1",
      "resolved": "https://registry.npmjs.org/error-if-array-too-short-to-meet-adjacent-items-request/-/error-if-array-too-short-to-meet-adjacent-items-request-1.0.1.tgz",
      "integrity": "sha512-mmZZM9/PhS1hrfCAHqNx5cSPdbMzph3nKL0AfpnOV1+NFrZW3Wy9ZvcB6CaDlnvjLcDru09RRUatp1RF8iVyMg=="
    },
    "error-if-index-how-many-or-array-are-not-valid": {
      "version": "1.0.0",
      "resolved": "https://registry.npmjs.org/error-if-index-how-many-or-array-are-not-valid/-/error-if-index-how-many-or-array-are-not-valid-1.0.0.tgz",
      "integrity": "sha512-wy7eh4MeDyrEgS/190lWLO5OH5pIzq10yDoFzf1zatzEI14Qlz92gqTNCcOKxcIsibxXtH2VB2ByRcyoQErW9g==",
      "requires": {
        "basic-data-handling": "~1.0.15",
        "error-if-index-not-valid": "~1.0.0"
      }
    },
    "error-if-index-is-negative": {
      "version": "1.0.0",
      "resolved": "https://registry.npmjs.org/error-if-index-is-negative/-/error-if-index-is-negative-1.0.0.tgz",
      "integrity": "sha512-7ZPcHRjXWpqWjU21F4Gth89EfJUrXGSPj8979QnFXqcbWg+FhPcElP8qbMzJweRuWVV95KipfWEb2Lx2OYU9iQ==",
      "requires": {
        "basic-data-handling": "~1.0.15"
      }
    },
    "error-if-index-not-valid": {
      "version": "1.0.0",
      "resolved": "https://registry.npmjs.org/error-if-index-not-valid/-/error-if-index-not-valid-1.0.0.tgz",
      "integrity": "sha512-jvm5tfD6XRd62V1UENmmmDpUefm7LfT5ksu5f+dbrRqDAZXZKK3KvqcHaIp78YhjZKUipAIZQSNKUpNQbY5Ktw==",
      "requires": {
        "@writetome51/index-is-valid": "~1.0.0"
      }
    }
  }
}
